// !$*UTF8*$!
{
	archiveVersion = 1;
	classes = {
	};
	objectVersion = 46;
	objects = {

/* Begin PBXBuildFile section */
		841697911AFEE54D0066BCFC /* libWaveForm.a in Frameworks */ = {isa = PBXBuildFile; fileRef = 841697851AFEE54C0066BCFC /* libWaveForm.a */; };
		841697C71AFEE89C0066BCFC /* RCTWaveFormManager.m in Sources */ = {isa = PBXBuildFile; fileRef = 841697C61AFEE89C0066BCFC /* RCTWaveFormManager.m */; };
		841697F31AFEF2620066BCFC /* FDWaveformView.m in Sources */ = {isa = PBXBuildFile; fileRef = 841697F21AFEF2620066BCFC /* FDWaveformView.m */; };
		848B665A1AFF80BC005605BA /* RTCWaveForm.m in Sources */ = {isa = PBXBuildFile; fileRef = 848B66591AFF80BC005605BA /* RTCWaveForm.m */; };
/* End PBXBuildFile section */

/* Begin PBXContainerItemProxy section */
		841697921AFEE54D0066BCFC /* PBXContainerItemProxy */ = {
			isa = PBXContainerItemProxy;
			containerPortal = 8416977D1AFEE54C0066BCFC /* Project object */;
			proxyType = 1;
			remoteGlobalIDString = 841697841AFEE54C0066BCFC;
			remoteInfo = WaveForm;
		};
/* End PBXContainerItemProxy section */

/* Begin PBXCopyFilesBuildPhase section */
		841697831AFEE54C0066BCFC /* CopyFiles */ = {
			isa = PBXCopyFilesBuildPhase;
			buildActionMask = 2147483647;
			dstPath = "include/$(PRODUCT_NAME)";
			dstSubfolderSpec = 16;
			files = (
			);
			runOnlyForDeploymentPostprocessing = 0;
		};
/* End PBXCopyFilesBuildPhase section */

/* Begin PBXFileReference section */
		841697851AFEE54C0066BCFC /* libWaveForm.a */ = {isa = PBXFileReference; explicitFileType = archive.ar; includeInIndex = 0; path = libWaveForm.a; sourceTree = BUILT_PRODUCTS_DIR; };
		841697901AFEE54D0066BCFC /* WaveFormTests.xctest */ = {isa = PBXFileReference; explicitFileType = wrapper.cfbundle; includeInIndex = 0; path = WaveFormTests.xctest; sourceTree = BUILT_PRODUCTS_DIR; };
		841697961AFEE54D0066BCFC /* Info.plist */ = {isa = PBXFileReference; lastKnownFileType = text.plist.xml; path = Info.plist; sourceTree = "<group>"; };
		841697C51AFEE89C0066BCFC /* RCTWaveFormManager.h */ = {isa = PBXFileReference; fileEncoding = 4; lastKnownFileType = sourcecode.c.h; path = RCTWaveFormManager.h; sourceTree = "<group>"; };
		841697C61AFEE89C0066BCFC /* RCTWaveFormManager.m */ = {isa = PBXFileReference; fileEncoding = 4; lastKnownFileType = sourcecode.c.objc; path = RCTWaveFormManager.m; sourceTree = "<group>"; };
		841697F11AFEF2620066BCFC /* FDWaveformView.h */ = {isa = PBXFileReference; fileEncoding = 4; lastKnownFileType = sourcecode.c.h; path = FDWaveformView.h; sourceTree = "<group>"; };
		841697F21AFEF2620066BCFC /* FDWaveformView.m */ = {isa = PBXFileReference; fileEncoding = 4; lastKnownFileType = sourcecode.c.objc; path = FDWaveformView.m; sourceTree = "<group>"; };
		848B66581AFF80BC005605BA /* RCTWaveForm.h */ = {isa = PBXFileReference; fileEncoding = 4; lastKnownFileType = sourcecode.c.h; path = RCTWaveForm.h; sourceTree = "<group>"; };
		848B66591AFF80BC005605BA /* RTCWaveForm.m */ = {isa = PBXFileReference; fileEncoding = 4; lastKnownFileType = sourcecode.c.objc; path = RTCWaveForm.m; sourceTree = "<group>"; };
/* End PBXFileReference section */

/* Begin PBXFrameworksBuildPhase section */
		841697821AFEE54C0066BCFC /* Frameworks */ = {
			isa = PBXFrameworksBuildPhase;
			buildActionMask = 2147483647;
			files = (
			);
			runOnlyForDeploymentPostprocessing = 0;
		};
		8416978D1AFEE54D0066BCFC /* Frameworks */ = {
			isa = PBXFrameworksBuildPhase;
			buildActionMask = 2147483647;
			files = (
				841697911AFEE54D0066BCFC /* libWaveForm.a in Frameworks */,
			);
			runOnlyForDeploymentPostprocessing = 0;
		};
/* End PBXFrameworksBuildPhase section */

/* Begin PBXGroup section */
		8416977C1AFEE54C0066BCFC = {
			isa = PBXGroup;
			children = (
				848B66581AFF80BC005605BA /* RCTWaveForm.h */,
				848B66591AFF80BC005605BA /* RTCWaveForm.m */,
				841697F11AFEF2620066BCFC /* FDWaveformView.h */,
				841697F21AFEF2620066BCFC /* FDWaveformView.m */,
				841697C51AFEE89C0066BCFC /* RCTWaveFormManager.h */,
				841697C61AFEE89C0066BCFC /* RCTWaveFormManager.m */,
				841697941AFEE54D0066BCFC /* WaveFormTests */,
				841697861AFEE54C0066BCFC /* Products */,
			);
			sourceTree = "<group>";
		};
		841697861AFEE54C0066BCFC /* Products */ = {
			isa = PBXGroup;
			children = (
				841697851AFEE54C0066BCFC /* libWaveForm.a */,
				841697901AFEE54D0066BCFC /* WaveFormTests.xctest */,
			);
			name = Products;
			sourceTree = "<group>";
		};
		841697941AFEE54D0066BCFC /* WaveFormTests */ = {
			isa = PBXGroup;
			children = (
				841697951AFEE54D0066BCFC /* Supporting Files */,
			);
			path = WaveFormTests;
			sourceTree = "<group>";
		};
		841697951AFEE54D0066BCFC /* Supporting Files */ = {
			isa = PBXGroup;
			children = (
				841697961AFEE54D0066BCFC /* Info.plist */,
			);
			name = "Supporting Files";
			sourceTree = "<group>";
		};
/* End PBXGroup section */

/* Begin PBXNativeTarget section */
		841697841AFEE54C0066BCFC /* WaveForm */ = {
			isa = PBXNativeTarget;
			buildConfigurationList = 841697991AFEE54D0066BCFC /* Build configuration list for PBXNativeTarget "WaveForm" */;
			buildPhases = (
				841697811AFEE54C0066BCFC /* Sources */,
				841697821AFEE54C0066BCFC /* Frameworks */,
				841697831AFEE54C0066BCFC /* CopyFiles */,
			);
			buildRules = (
			);
			dependencies = (
			);
			name = WaveForm;
			productName = WaveForm;
			productReference = 841697851AFEE54C0066BCFC /* libWaveForm.a */;
			productType = "com.apple.product-type.library.static";
		};
		8416978F1AFEE54D0066BCFC /* WaveFormTests */ = {
			isa = PBXNativeTarget;
			buildConfigurationList = 8416979C1AFEE54D0066BCFC /* Build configuration list for PBXNativeTarget "WaveFormTests" */;
			buildPhases = (
				8416978C1AFEE54D0066BCFC /* Sources */,
				8416978D1AFEE54D0066BCFC /* Frameworks */,
				8416978E1AFEE54D0066BCFC /* Resources */,
			);
			buildRules = (
			);
			dependencies = (
				841697931AFEE54D0066BCFC /* PBXTargetDependency */,
			);
			name = WaveFormTests;
			productName = WaveFormTests;
			productReference = 841697901AFEE54D0066BCFC /* WaveFormTests.xctest */;
			productType = "com.apple.product-type.bundle.unit-test";
		};
/* End PBXNativeTarget section */

/* Begin PBXProject section */
		8416977D1AFEE54C0066BCFC /* Project object */ = {
			isa = PBXProject;
			attributes = {
				LastUpgradeCheck = 0620;
				ORGANIZATIONNAME = "Koen Schmeets";
				TargetAttributes = {
					841697841AFEE54C0066BCFC = {
						CreatedOnToolsVersion = 6.2;
					};
					8416978F1AFEE54D0066BCFC = {
						CreatedOnToolsVersion = 6.2;
					};
				};
			};
			buildConfigurationList = 841697801AFEE54C0066BCFC /* Build configuration list for PBXProject "WaveForm" */;
			compatibilityVersion = "Xcode 3.2";
			developmentRegion = English;
			hasScannedForEncodings = 0;
			knownRegions = (
				en,
			);
			mainGroup = 8416977C1AFEE54C0066BCFC;
			productRefGroup = 841697861AFEE54C0066BCFC /* Products */;
			projectDirPath = "";
			projectRoot = "";
			targets = (
				841697841AFEE54C0066BCFC /* WaveForm */,
				8416978F1AFEE54D0066BCFC /* WaveFormTests */,
			);
		};
/* End PBXProject section */

/* Begin PBXResourcesBuildPhase section */
		8416978E1AFEE54D0066BCFC /* Resources */ = {
			isa = PBXResourcesBuildPhase;
			buildActionMask = 2147483647;
			files = (
			);
			runOnlyForDeploymentPostprocessing = 0;
		};
/* End PBXResourcesBuildPhase section */

/* Begin PBXSourcesBuildPhase section */
		841697811AFEE54C0066BCFC /* Sources */ = {
			isa = PBXSourcesBuildPhase;
			buildActionMask = 2147483647;
			files = (
				841697C71AFEE89C0066BCFC /* RCTWaveFormManager.m in Sources */,
				848B665A1AFF80BC005605BA /* RTCWaveForm.m in Sources */,
				841697F31AFEF2620066BCFC /* FDWaveformView.m in Sources */,
			);
			runOnlyForDeploymentPostprocessing = 0;
		};
		8416978C1AFEE54D0066BCFC /* Sources */ = {
			isa = PBXSourcesBuildPhase;
			buildActionMask = 2147483647;
			files = (
			);
			runOnlyForDeploymentPostprocessing = 0;
		};
/* End PBXSourcesBuildPhase section */

/* Begin PBXTargetDependency section */
		841697931AFEE54D0066BCFC /* PBXTargetDependency */ = {
			isa = PBXTargetDependency;
			target = 841697841AFEE54C0066BCFC /* WaveForm */;
			targetProxy = 841697921AFEE54D0066BCFC /* PBXContainerItemProxy */;
		};
/* End PBXTargetDependency section */

/* Begin XCBuildConfiguration section */
		841697971AFEE54D0066BCFC /* Debug */ = {
			isa = XCBuildConfiguration;
			buildSettings = {
				ALWAYS_SEARCH_USER_PATHS = NO;
				CLANG_CXX_LANGUAGE_STANDARD = "gnu++0x";
				CLANG_CXX_LIBRARY = "libc++";
				CLANG_ENABLE_MODULES = YES;
				CLANG_ENABLE_OBJC_ARC = YES;
				CLANG_WARN_BOOL_CONVERSION = YES;
				CLANG_WARN_CONSTANT_CONVERSION = YES;
				CLANG_WARN_DIRECT_OBJC_ISA_USAGE = YES_ERROR;
				CLANG_WARN_EMPTY_BODY = YES;
				CLANG_WARN_ENUM_CONVERSION = YES;
				CLANG_WARN_INT_CONVERSION = YES;
				CLANG_WARN_OBJC_ROOT_CLASS = YES_ERROR;
				CLANG_WARN_UNREACHABLE_CODE = YES;
				CLANG_WARN__DUPLICATE_METHOD_MATCH = YES;
				COPY_PHASE_STRIP = NO;
				ENABLE_STRICT_OBJC_MSGSEND = YES;
				GCC_C_LANGUAGE_STANDARD = gnu99;
				GCC_DYNAMIC_NO_PIC = NO;
				GCC_OPTIMIZATION_LEVEL = 0;
				GCC_PREPROCESSOR_DEFINITIONS = (
					"DEBUG=1",
					"$(inherited)",
				);
				GCC_SYMBOLS_PRIVATE_EXTERN = NO;
				GCC_WARN_64_TO_32_BIT_CONVERSION = YES;
				GCC_WARN_ABOUT_RETURN_TYPE = YES_ERROR;
				GCC_WARN_UNDECLARED_SELECTOR = YES;
				GCC_WARN_UNINITIALIZED_AUTOS = YES_AGGRESSIVE;
				GCC_WARN_UNUSED_FUNCTION = YES;
				GCC_WARN_UNUSED_VARIABLE = YES;
				IPHONEOS_DEPLOYMENT_TARGET = 8.2;
				MTL_ENABLE_DEBUG_INFO = YES;
				ONLY_ACTIVE_ARCH = YES;
				SDKROOT = iphoneos;
			};
			name = Debug;
		};
		841697981AFEE54D0066BCFC /* Release */ = {
			isa = XCBuildConfiguration;
			buildSettings = {
				ALWAYS_SEARCH_USER_PATHS = NO;
				CLANG_CXX_LANGUAGE_STANDARD = "gnu++0x";
				CLANG_CXX_LIBRARY = "libc++";
				CLANG_ENABLE_MODULES = YES;
				CLANG_ENABLE_OBJC_ARC = YES;
				CLANG_WARN_BOOL_CONVERSION = YES;
				CLANG_WARN_CONSTANT_CONVERSION = YES;
				CLANG_WARN_DIRECT_OBJC_ISA_USAGE = YES_ERROR;
				CLANG_WARN_EMPTY_BODY = YES;
				CLANG_WARN_ENUM_CONVERSION = YES;
				CLANG_WARN_INT_CONVERSION = YES;
				CLANG_WARN_OBJC_ROOT_CLASS = YES_ERROR;
				CLANG_WARN_UNREACHABLE_CODE = YES;
				CLANG_WARN__DUPLICATE_METHOD_MATCH = YES;
				COPY_PHASE_STRIP = NO;
				ENABLE_NS_ASSERTIONS = NO;
				ENABLE_STRICT_OBJC_MSGSEND = YES;
				GCC_C_LANGUAGE_STANDARD = gnu99;
				GCC_WARN_64_TO_32_BIT_CONVERSION = YES;
				GCC_WARN_ABOUT_RETURN_TYPE = YES_ERROR;
				GCC_WARN_UNDECLARED_SELECTOR = YES;
				GCC_WARN_UNINITIALIZED_AUTOS = YES_AGGRESSIVE;
				GCC_WARN_UNUSED_FUNCTION = YES;
				GCC_WARN_UNUSED_VARIABLE = YES;
				IPHONEOS_DEPLOYMENT_TARGET = 8.2;
				MTL_ENABLE_DEBUG_INFO = NO;
				SDKROOT = iphoneos;
				VALIDATE_PRODUCT = YES;
			};
			name = Release;
		};
		8416979A1AFEE54D0066BCFC /* Debug */ = {
			isa = XCBuildConfiguration;
			buildSettings = {
				HEADER_SEARCH_PATHS = (
					"$(inherited)",
					/Applications/Xcode.app/Contents/Developer/Toolchains/XcodeDefault.xctoolchain/usr/include,
					"$(SRCROOT)/../node_modules/react-native/React/**",
					"$(SRCROOT)/../../react-native/React/**",
				);
				OTHER_LDFLAGS = "-ObjC";
				PRODUCT_NAME = "$(TARGET_NAME)";
				SKIP_INSTALL = YES;
			};
			name = Debug;
		};
		8416979B1AFEE54D0066BCFC /* Release */ = {
			isa = XCBuildConfiguration;
			buildSettings = {
				HEADER_SEARCH_PATHS = (
					"$(inherited)",
					/Applications/Xcode.app/Contents/Developer/Toolchains/XcodeDefault.xctoolchain/usr/include,
					"$(SRCROOT)/../node_modules/react-native/React/**",
					"$(SRCROOT)/../../react-native/React/**",
				);
				OTHER_LDFLAGS = "-ObjC";
				PRODUCT_NAME = "$(TARGET_NAME)";
				SKIP_INSTALL = YES;
			};
			name = Release;
		};
		8416979D1AFEE54D0066BCFC /* Debug */ = {
			isa = XCBuildConfiguration;
			buildSettings = {
				FRAMEWORK_SEARCH_PATHS = (
					"$(SDKROOT)/Developer/Library/Frameworks",
					"$(inherited)",
				);
				GCC_PREPROCESSOR_DEFINITIONS = (
					"DEBUG=1",
					"$(inherited)",
				);
				HEADER_SEARCH_PATHS = (
					"$(inherited)",
					/Applications/Xcode.app/Contents/Developer/Toolchains/XcodeDefault.xctoolchain/usr/include,
					"$(SRCROOT)/../../React",
					"$(SRCROOT)/../../react-native/React",
					"$(SRCROOT)/node_modules/react-native/React",
				);
				INFOPLIST_FILE = WaveFormTests/Info.plist;
				LD_RUNPATH_SEARCH_PATHS = "$(inherited) @executable_path/Frameworks @loader_path/Frameworks";
				PRODUCT_NAME = "$(TARGET_NAME)";
			};
			name = Debug;
		};
		8416979E1AFEE54D0066BCFC /* Release */ = {
			isa = XCBuildConfiguration;
			buildSettings = {
				FRAMEWORK_SEARCH_PATHS = (
					"$(SDKROOT)/Developer/Library/Frameworks",
					"$(inherited)",
				);
				HEADER_SEARCH_PATHS = (
					"$(inherited)",
					/Applications/Xcode.app/Contents/Developer/Toolchains/XcodeDefault.xctoolchain/usr/include,
					"$(SRCROOT)/../../React",
					"$(SRCROOT)/../../react-native/React",
					"$(SRCROOT)/node_modules/react-native/React",
				);
				INFOPLIST_FILE = WaveFormTests/Info.plist;
				LD_RUNPATH_SEARCH_PATHS = "$(inherited) @executable_path/Frameworks @loader_path/Frameworks";
				PRODUCT_NAME = "$(TARGET_NAME)";
			};
			name = Release;
		};
/* End XCBuildConfiguration section */

/* Begin XCConfigurationList section */
		841697801AFEE54C0066BCFC /* Build configuration list for PBXProject "WaveForm" */ = {
			isa = XCConfigurationList;
			buildConfigurations = (
				841697971AFEE54D0066BCFC /* Debug */,
				841697981AFEE54D0066BCFC /* Release */,
			);
			defaultConfigurationIsVisible = 0;
			defaultConfigurationName = Release;
		};
		841697991AFEE54D0066BCFC /* Build configuration list for PBXNativeTarget "WaveForm" */ = {
			isa = XCConfigurationList;
			buildConfigurations = (
				8416979A1AFEE54D0066BCFC /* Debug */,
				8416979B1AFEE54D0066BCFC /* Release */,
			);
			defaultConfigurationIsVisible = 0;
			defaultConfigurationName = Release;
		};
		8416979C1AFEE54D0066BCFC /* Build configuration list for PBXNativeTarget "WaveFormTests" */ = {
			isa = XCConfigurationList;
			buildConfigurations = (
				8416979D1AFEE54D0066BCFC /* Debug */,
				8416979E1AFEE54D0066BCFC /* Release */,
			);
			defaultConfigurationIsVisible = 0;
			defaultConfigurationName = Release;
		};
/* End XCConfigurationList section */
	};
	rootObject = 8416977D1AFEE54C0066BCFC /* Project object */;
}
